
Microsoft Visual Studio Solution File, Format Version 12.00
# Visual Studio Version 16
VisualStudioVersion = 16.0.31105.61
MinimumVisualStudioVersion = 10.0.40219.1
Project("{FAE04EC0-301F-11D3-BF4B-00C04F79EFBC}") = "ClassAdv", "ClassAdv\ClassAdv.csproj", "{9BEFF73F-8F9C-49FE-865B-E4FAABA86AC3}"
EndProject
Global
	GlobalSection(SolutionConfigurationPlatforms) = preSolution
		Debug|Any CPU = Debug|Any CPU
		Release|Any CPU = Release|Any CPU
	EndGlobalSection
	GlobalSection(ProjectConfigurationPlatforms) = postSolution
		{9BEFF73F-8F9C-49FE-865B-E4FAABA86AC3}.Debug|Any CPU.ActiveCfg = Debug|Any CPU
		{9BEFF73F-8F9C-49FE-865B-E4FAABA86AC3}.Debug|Any CPU.Build.0 = Debug|Any CPU
		{9BEFF73F-8F9C-49FE-865B-E4FAABA86AC3}.Release|Any CPU.ActiveCfg = Release|Any CPU
		{9BEFF73F-8F9C-49FE-865B-E4FAABA86AC3}.Release|Any CPU.Build.0 = Release|Any CPU
	EndGlobalSection
	GlobalSection(SolutionProperties) = preSolution
		HideSolutionNode = FALSE
	EndGlobalSection
	GlobalSection(ExtensibilityGlobals) = postSolution
		SolutionGuid = {3A90ACC6-B028-45EC-A862-BDF9BFE80630}
	EndGlobalSection
EndGlobal
